
Microsoft Visual Studio Solution File, Format Version 12.00
# Visual Studio Version 16
VisualStudioVersion = 16.0.31019.35
MinimumVisualStudioVersion = 10.0.40219.1
Project("{FAE04EC0-301F-11D3-BF4B-00C04F79EFBC}") = "FileStreamProject1", "FileStreamProject1\FileStreamProject1.csproj", "{4F5EE96A-081C-4F47-9972-4F2D2B6C4EDD}"
EndProject
Global
	GlobalSection(SolutionConfigurationPlatforms) = preSolution
		Debug|Any CPU = Debug|Any CPU
		Release|Any CPU = Release|Any CPU
	EndGlobalSection
	GlobalSection(ProjectConfigurationPlatforms) = postSolution
		{4F5EE96A-081C-4F47-9972-4F2D2B6C4EDD}.Debug|Any CPU.ActiveCfg = Debug|Any CPU
		{4F5EE96A-081C-4F47-9972-4F2D2B6C4EDD}.Debug|Any CPU.Build.0 = Debug|Any CPU
		{4F5EE96A-081C-4F47-9972-4F2D2B6C4EDD}.Release|Any CPU.ActiveCfg = Release|Any CPU
		{4F5EE96A-081C-4F47-9972-4F2D2B6C4EDD}.Release|Any CPU.Build.0 = Release|Any CPU
	EndGlobalSection
	GlobalSection(SolutionProperties) = preSolution
		HideSolutionNode = FALSE
	EndGlobalSection
	GlobalSection(ExtensibilityGlobals) = postSolution
		SolutionGuid = {E08F49B2-20E4-4EFF-8572-4464DB689424}
	EndGlobalSection
EndGlobal
