
Microsoft Visual Studio Solution File, Format Version 12.00
# Visual Studio Version 16
VisualStudioVersion = 16.0.31019.35
MinimumVisualStudioVersion = 10.0.40219.1
Project("{FAE04EC0-301F-11D3-BF4B-00C04F79EFBC}") = "DialogApp", "DialogApp\DialogApp.csproj", "{21B35C8C-936A-40B3-AA2A-C3CF59FC5B17}"
EndProject
Global
	GlobalSection(SolutionConfigurationPlatforms) = preSolution
		Debug|Any CPU = Debug|Any CPU
		Release|Any CPU = Release|Any CPU
	EndGlobalSection
	GlobalSection(ProjectConfigurationPlatforms) = postSolution
		{21B35C8C-936A-40B3-AA2A-C3CF59FC5B17}.Debug|Any CPU.ActiveCfg = Debug|Any CPU
		{21B35C8C-936A-40B3-AA2A-C3CF59FC5B17}.Debug|Any CPU.Build.0 = Debug|Any CPU
		{21B35C8C-936A-40B3-AA2A-C3CF59FC5B17}.Release|Any CPU.ActiveCfg = Release|Any CPU
		{21B35C8C-936A-40B3-AA2A-C3CF59FC5B17}.Release|Any CPU.Build.0 = Release|Any CPU
	EndGlobalSection
	GlobalSection(SolutionProperties) = preSolution
		HideSolutionNode = FALSE
	EndGlobalSection
	GlobalSection(ExtensibilityGlobals) = postSolution
		SolutionGuid = {8B13910A-CD72-4A36-9F94-D4346A59DC82}
	EndGlobalSection
EndGlobal
